
Microsoft Visual Studio Solution File, Format Version 12.00
# Visual Studio Version 16
VisualStudioVersion = 16.0.31229.75
MinimumVisualStudioVersion = 10.0.40219.1
Project("{2150E333-8FDC-42A3-9474-1A3956D46DE8}") = "Basics", "Basics", "{42D6B2A7-3261-4187-B8D2-FAD799B1EBB8}"
EndProject
Project("{2150E333-8FDC-42A3-9474-1A3956D46DE8}") = "ClientCredentials", "ClientCredentials", "{FD7023D6-D2A5-4F2D-83E3-CB01BA2286D9}"
EndProject
Project("{9A19103F-16F7-4668-BE54-9A1E7A4F7556}") = "Bs.Cc.Idp", "Bs.Cc.Idp\Bs.Cc.Idp.csproj", "{2CA54AB2-FA0C-42A6-A695-0B7A989C50EE}"
EndProject
Project("{9A19103F-16F7-4668-BE54-9A1E7A4F7556}") = "Bs.Cc.Api", "Bs.Cc.Api\Bs.Cc.Api.csproj", "{C2B9509D-259D-444F-825A-E7CA17B6BB36}"
EndProject
Project("{9A19103F-16F7-4668-BE54-9A1E7A4F7556}") = "Bs.Cc.Client", "Bs.Cc.Client\Bs.Cc.Client.csproj", "{0E004E06-01A6-4114-8126-EDBE5D0D3336}"
EndProject
Project("{2150E333-8FDC-42A3-9474-1A3956D46DE8}") = "WebProtected (Auth Code)", "WebProtected (Auth Code)", "{04EAB8CB-48AA-4DF6-AAD2-09C3B5BB3604}"
EndProject
Project("{9A19103F-16F7-4668-BE54-9A1E7A4F7556}") = "Bs.Ac.WebApp", "Bs.Ac.WebApp\Bs.Ac.WebApp.csproj", "{4D7251F5-23CD-418F-8B2C-5F9FE386619F}"
EndProject
Project("{9A19103F-16F7-4668-BE54-9A1E7A4F7556}") = "Bs.Ac.Idp", "Bs.Ac.Idp\Bs.Ac.Idp.csproj", "{A4872D51-76BC-415B-A503-A8F9FD3C72ED}"
EndProject
Project("{9A19103F-16F7-4668-BE54-9A1E7A4F7556}") = "Bs.Ac.Api", "Bs.Ac.Api\Bs.Ac.Api.csproj", "{C88466ED-89A8-400F-8A66-5D713E1B1501}"
EndProject
Project("{9A19103F-16F7-4668-BE54-9A1E7A4F7556}") = "Bs.Ac.Api.v2", "Bs.Ac.Api.v2\Bs.Ac.Api.v2.csproj", "{7B7927D7-135E-45E9-8E31-A891F2F89AD3}"
EndProject
Project("{2150E333-8FDC-42A3-9474-1A3956D46DE8}") = "WebProtectedWithOcelot (Auth Code)", "WebProtectedWithOcelot (Auth Code)", "{47FF50AC-C82E-4AE3-B6AB-174F364FD1A7}"
EndProject
Project("{9A19103F-16F7-4668-BE54-9A1E7A4F7556}") = "Ac.Api.OrderService", "Ac.Api.OrderService\Ac.Api.OrderService.csproj", "{3255E06A-DAC4-4B45-BBF7-AFE81E673F4B}"
EndProject
Project("{9A19103F-16F7-4668-BE54-9A1E7A4F7556}") = "Ac.Api.ProductService", "Ac.Api.ProductService\Ac.Api.ProductService.csproj", "{075327EA-432A-4984-B4AF-FE7F811C6CBD}"
EndProject
Project("{9A19103F-16F7-4668-BE54-9A1E7A4F7556}") = "Ac.IdentityServer", "Ac.IdentityServer\Ac.IdentityServer.csproj", "{34597AAD-CF0B-4803-992E-45A10ED6BF63}"
EndProject
Project("{9A19103F-16F7-4668-BE54-9A1E7A4F7556}") = "Ac.Client.Mvc", "Ac.Client.Mvc\Ac.Client.Mvc.csproj", "{B496C2AC-5B37-43EE-B321-0A8A72658858}"
EndProject
Project("{9A19103F-16F7-4668-BE54-9A1E7A4F7556}") = "Ac.Api.OcelotGateway", "Ac.Api.OcelotGateway\Ac.Api.OcelotGateway.csproj", "{5C0B2BD0-D496-4B38-823D-2712AECD8940}"
EndProject
Project("{2150E333-8FDC-42A3-9474-1A3956D46DE8}") = "WithAutoTokenManagement", "WithAutoTokenManagement", "{FEC2BDE6-0DE6-4DB0-B024-2E1454E418F1}"
EndProject
Project("{9A19103F-16F7-4668-BE54-9A1E7A4F7556}") = "TM.Api", "TM.Api\TM.Api.csproj", "{6806C963-CFAC-44F9-A5FC-2B981A263C88}"
EndProject
Project("{9A19103F-16F7-4668-BE54-9A1E7A4F7556}") = "TM.Web", "TM.Web\TM.Web.csproj", "{F128654F-91EF-494E-A016-A140368CA8A6}"
EndProject
Project("{9A19103F-16F7-4668-BE54-9A1E7A4F7556}") = "TM.IdentityServer", "TM.IdentityServer\TM.IdentityServer.csproj", "{9D4D65EE-F723-46C9-B401-46F6BFE604B7}"
EndProject
Project("{FAE04EC0-301F-11D3-BF4B-00C04F79EFBC}") = "TM.SPA", "TM.SPA\TM.SPA.csproj", "{50EF0E49-9B5F-4347-901D-2ED6E37FD91C}"
EndProject
Global
	GlobalSection(SolutionConfigurationPlatforms) = preSolution
		Debug|Any CPU = Debug|Any CPU
		Release|Any CPU = Release|Any CPU
	EndGlobalSection
	GlobalSection(ProjectConfigurationPlatforms) = postSolution
		{2CA54AB2-FA0C-42A6-A695-0B7A989C50EE}.Debug|Any CPU.ActiveCfg = Debug|Any CPU
		{2CA54AB2-FA0C-42A6-A695-0B7A989C50EE}.Debug|Any CPU.Build.0 = Debug|Any CPU
		{2CA54AB2-FA0C-42A6-A695-0B7A989C50EE}.Release|Any CPU.ActiveCfg = Release|Any CPU
		{2CA54AB2-FA0C-42A6-A695-0B7A989C50EE}.Release|Any CPU.Build.0 = Release|Any CPU
		{C2B9509D-259D-444F-825A-E7CA17B6BB36}.Debug|Any CPU.ActiveCfg = Debug|Any CPU
		{C2B9509D-259D-444F-825A-E7CA17B6BB36}.Debug|Any CPU.Build.0 = Debug|Any CPU
		{C2B9509D-259D-444F-825A-E7CA17B6BB36}.Release|Any CPU.ActiveCfg = Release|Any CPU
		{C2B9509D-259D-444F-825A-E7CA17B6BB36}.Release|Any CPU.Build.0 = Release|Any CPU
		{0E004E06-01A6-4114-8126-EDBE5D0D3336}.Debug|Any CPU.ActiveCfg = Debug|Any CPU
		{0E004E06-01A6-4114-8126-EDBE5D0D3336}.Debug|Any CPU.Build.0 = Debug|Any CPU
		{0E004E06-01A6-4114-8126-EDBE5D0D3336}.Release|Any CPU.ActiveCfg = Release|Any CPU
		{0E004E06-01A6-4114-8126-EDBE5D0D3336}.Release|Any CPU.Build.0 = Release|Any CPU
		{4D7251F5-23CD-418F-8B2C-5F9FE386619F}.Debug|Any CPU.ActiveCfg = Debug|Any CPU
		{4D7251F5-23CD-418F-8B2C-5F9FE386619F}.Debug|Any CPU.Build.0 = Debug|Any CPU
		{4D7251F5-23CD-418F-8B2C-5F9FE386619F}.Release|Any CPU.ActiveCfg = Release|Any CPU
		{4D7251F5-23CD-418F-8B2C-5F9FE386619F}.Release|Any CPU.Build.0 = Release|Any CPU
		{A4872D51-76BC-415B-A503-A8F9FD3C72ED}.Debug|Any CPU.ActiveCfg = Debug|Any CPU
		{A4872D51-76BC-415B-A503-A8F9FD3C72ED}.Debug|Any CPU.Build.0 = Debug|Any CPU
		{A4872D51-76BC-415B-A503-A8F9FD3C72ED}.Release|Any CPU.ActiveCfg = Release|Any CPU
		{A4872D51-76BC-415B-A503-A8F9FD3C72ED}.Release|Any CPU.Build.0 = Release|Any CPU
		{C88466ED-89A8-400F-8A66-5D713E1B1501}.Debug|Any CPU.ActiveCfg = Debug|Any CPU
		{C88466ED-89A8-400F-8A66-5D713E1B1501}.Debug|Any CPU.Build.0 = Debug|Any CPU
		{C88466ED-89A8-400F-8A66-5D713E1B1501}.Release|Any CPU.ActiveCfg = Release|Any CPU
		{C88466ED-89A8-400F-8A66-5D713E1B1501}.Release|Any CPU.Build.0 = Release|Any CPU
		{7B7927D7-135E-45E9-8E31-A891F2F89AD3}.Debug|Any CPU.ActiveCfg = Debug|Any CPU
		{7B7927D7-135E-45E9-8E31-A891F2F89AD3}.Debug|Any CPU.Build.0 = Debug|Any CPU
		{7B7927D7-135E-45E9-8E31-A891F2F89AD3}.Release|Any CPU.ActiveCfg = Release|Any CPU
		{7B7927D7-135E-45E9-8E31-A891F2F89AD3}.Release|Any CPU.Build.0 = Release|Any CPU
		{3255E06A-DAC4-4B45-BBF7-AFE81E673F4B}.Debug|Any CPU.ActiveCfg = Debug|Any CPU
		{3255E06A-DAC4-4B45-BBF7-AFE81E673F4B}.Debug|Any CPU.Build.0 = Debug|Any CPU
		{3255E06A-DAC4-4B45-BBF7-AFE81E673F4B}.Release|Any CPU.ActiveCfg = Release|Any CPU
		{3255E06A-DAC4-4B45-BBF7-AFE81E673F4B}.Release|Any CPU.Build.0 = Release|Any CPU
		{075327EA-432A-4984-B4AF-FE7F811C6CBD}.Debug|Any CPU.ActiveCfg = Debug|Any CPU
		{075327EA-432A-4984-B4AF-FE7F811C6CBD}.Debug|Any CPU.Build.0 = Debug|Any CPU
		{075327EA-432A-4984-B4AF-FE7F811C6CBD}.Release|Any CPU.ActiveCfg = Release|Any CPU
		{075327EA-432A-4984-B4AF-FE7F811C6CBD}.Release|Any CPU.Build.0 = Release|Any CPU
		{34597AAD-CF0B-4803-992E-45A10ED6BF63}.Debug|Any CPU.ActiveCfg = Debug|Any CPU
		{34597AAD-CF0B-4803-992E-45A10ED6BF63}.Debug|Any CPU.Build.0 = Debug|Any CPU
		{34597AAD-CF0B-4803-992E-45A10ED6BF63}.Release|Any CPU.ActiveCfg = Release|Any CPU
		{34597AAD-CF0B-4803-992E-45A10ED6BF63}.Release|Any CPU.Build.0 = Release|Any CPU
		{B496C2AC-5B37-43EE-B321-0A8A72658858}.Debug|Any CPU.ActiveCfg = Debug|Any CPU
		{B496C2AC-5B37-43EE-B321-0A8A72658858}.Debug|Any CPU.Build.0 = Debug|Any CPU
		{B496C2AC-5B37-43EE-B321-0A8A72658858}.Release|Any CPU.ActiveCfg = Release|Any CPU
		{B496C2AC-5B37-43EE-B321-0A8A72658858}.Release|Any CPU.Build.0 = Release|Any CPU
		{5C0B2BD0-D496-4B38-823D-2712AECD8940}.Debug|Any CPU.ActiveCfg = Debug|Any CPU
		{5C0B2BD0-D496-4B38-823D-2712AECD8940}.Debug|Any CPU.Build.0 = Debug|Any CPU
		{5C0B2BD0-D496-4B38-823D-2712AECD8940}.Release|Any CPU.ActiveCfg = Release|Any CPU
		{5C0B2BD0-D496-4B38-823D-2712AECD8940}.Release|Any CPU.Build.0 = Release|Any CPU
		{6806C963-CFAC-44F9-A5FC-2B981A263C88}.Debug|Any CPU.ActiveCfg = Debug|Any CPU
		{6806C963-CFAC-44F9-A5FC-2B981A263C88}.Debug|Any CPU.Build.0 = Debug|Any CPU
		{6806C963-CFAC-44F9-A5FC-2B981A263C88}.Release|Any CPU.ActiveCfg = Release|Any CPU
		{6806C963-CFAC-44F9-A5FC-2B981A263C88}.Release|Any CPU.Build.0 = Release|Any CPU
		{F128654F-91EF-494E-A016-A140368CA8A6}.Debug|Any CPU.ActiveCfg = Debug|Any CPU
		{F128654F-91EF-494E-A016-A140368CA8A6}.Debug|Any CPU.Build.0 = Debug|Any CPU
		{F128654F-91EF-494E-A016-A140368CA8A6}.Release|Any CPU.ActiveCfg = Release|Any CPU
		{F128654F-91EF-494E-A016-A140368CA8A6}.Release|Any CPU.Build.0 = Release|Any CPU
		{9D4D65EE-F723-46C9-B401-46F6BFE604B7}.Debug|Any CPU.ActiveCfg = Debug|Any CPU
		{9D4D65EE-F723-46C9-B401-46F6BFE604B7}.Debug|Any CPU.Build.0 = Debug|Any CPU
		{9D4D65EE-F723-46C9-B401-46F6BFE604B7}.Release|Any CPU.ActiveCfg = Release|Any CPU
		{9D4D65EE-F723-46C9-B401-46F6BFE604B7}.Release|Any CPU.Build.0 = Release|Any CPU
		{50EF0E49-9B5F-4347-901D-2ED6E37FD91C}.Debug|Any CPU.ActiveCfg = Debug|Any CPU
		{50EF0E49-9B5F-4347-901D-2ED6E37FD91C}.Debug|Any CPU.Build.0 = Debug|Any CPU
		{50EF0E49-9B5F-4347-901D-2ED6E37FD91C}.Release|Any CPU.ActiveCfg = Release|Any CPU
		{50EF0E49-9B5F-4347-901D-2ED6E37FD91C}.Release|Any CPU.Build.0 = Release|Any CPU
	EndGlobalSection
	GlobalSection(SolutionProperties) = preSolution
		HideSolutionNode = FALSE
	EndGlobalSection
	GlobalSection(NestedProjects) = preSolution
		{FD7023D6-D2A5-4F2D-83E3-CB01BA2286D9} = {42D6B2A7-3261-4187-B8D2-FAD799B1EBB8}
		{2CA54AB2-FA0C-42A6-A695-0B7A989C50EE} = {FD7023D6-D2A5-4F2D-83E3-CB01BA2286D9}
		{C2B9509D-259D-444F-825A-E7CA17B6BB36} = {FD7023D6-D2A5-4F2D-83E3-CB01BA2286D9}
		{0E004E06-01A6-4114-8126-EDBE5D0D3336} = {FD7023D6-D2A5-4F2D-83E3-CB01BA2286D9}
		{04EAB8CB-48AA-4DF6-AAD2-09C3B5BB3604} = {42D6B2A7-3261-4187-B8D2-FAD799B1EBB8}
		{4D7251F5-23CD-418F-8B2C-5F9FE386619F} = {04EAB8CB-48AA-4DF6-AAD2-09C3B5BB3604}
		{A4872D51-76BC-415B-A503-A8F9FD3C72ED} = {04EAB8CB-48AA-4DF6-AAD2-09C3B5BB3604}
		{C88466ED-89A8-400F-8A66-5D713E1B1501} = {04EAB8CB-48AA-4DF6-AAD2-09C3B5BB3604}
		{7B7927D7-135E-45E9-8E31-A891F2F89AD3} = {04EAB8CB-48AA-4DF6-AAD2-09C3B5BB3604}
		{47FF50AC-C82E-4AE3-B6AB-174F364FD1A7} = {42D6B2A7-3261-4187-B8D2-FAD799B1EBB8}
		{3255E06A-DAC4-4B45-BBF7-AFE81E673F4B} = {47FF50AC-C82E-4AE3-B6AB-174F364FD1A7}
		{075327EA-432A-4984-B4AF-FE7F811C6CBD} = {47FF50AC-C82E-4AE3-B6AB-174F364FD1A7}
		{34597AAD-CF0B-4803-992E-45A10ED6BF63} = {47FF50AC-C82E-4AE3-B6AB-174F364FD1A7}
		{B496C2AC-5B37-43EE-B321-0A8A72658858} = {47FF50AC-C82E-4AE3-B6AB-174F364FD1A7}
		{5C0B2BD0-D496-4B38-823D-2712AECD8940} = {47FF50AC-C82E-4AE3-B6AB-174F364FD1A7}
		{6806C963-CFAC-44F9-A5FC-2B981A263C88} = {FEC2BDE6-0DE6-4DB0-B024-2E1454E418F1}
		{F128654F-91EF-494E-A016-A140368CA8A6} = {FEC2BDE6-0DE6-4DB0-B024-2E1454E418F1}
		{9D4D65EE-F723-46C9-B401-46F6BFE604B7} = {FEC2BDE6-0DE6-4DB0-B024-2E1454E418F1}
		{50EF0E49-9B5F-4347-901D-2ED6E37FD91C} = {FEC2BDE6-0DE6-4DB0-B024-2E1454E418F1}
	EndGlobalSection
	GlobalSection(ExtensibilityGlobals) = postSolution
		SolutionGuid = {4D2034C8-9AB0-482C-B8EA-6E8F7F9F995F}
	EndGlobalSection
EndGlobal
