
Microsoft Visual Studio Solution File, Format Version 12.00
# Visual Studio Version 16
VisualStudioVersion = 16.0.31229.75
MinimumVisualStudioVersion = 10.0.40219.1
Project("{2150E333-8FDC-42A3-9474-1A3956D46DE8}") = "Basics", "Basics", "{42D6B2A7-3261-4187-B8D2-FAD799B1EBB8}"
EndProject
Project("{2150E333-8FDC-42A3-9474-1A3956D46DE8}") = "ClientCredentials", "ClientCredentials", "{FD7023D6-D2A5-4F2D-83E3-CB01BA2286D9}"
EndProject
Project("{9A19103F-16F7-4668-BE54-9A1E7A4F7556}") = "Bs.Cc.Idp", "Bs.Cc.Idp\Bs.Cc.Idp.csproj", "{2CA54AB2-FA0C-42A6-A695-0B7A989C50EE}"
EndProject
Project("{9A19103F-16F7-4668-BE54-9A1E7A4F7556}") = "Bs.Cc.Api", "Bs.Cc.Api\Bs.Cc.Api.csproj", "{C2B9509D-259D-444F-825A-E7CA17B6BB36}"
EndProject
Project("{9A19103F-16F7-4668-BE54-9A1E7A4F7556}") = "Bs.Cc.Client", "Bs.Cc.Client\Bs.Cc.Client.csproj", "{0E004E06-01A6-4114-8126-EDBE5D0D3336}"
EndProject
Project("{2150E333-8FDC-42A3-9474-1A3956D46DE8}") = "WebProtected (Auth Code)", "WebProtected (Auth Code)", "{04EAB8CB-48AA-4DF6-AAD2-09C3B5BB3604}"
EndProject
Project("{9A19103F-16F7-4668-BE54-9A1E7A4F7556}") = "Bs.Ac.WebApp", "Bs.Ac.WebApp\Bs.Ac.WebApp.csproj", "{4D7251F5-23CD-418F-8B2C-5F9FE386619F}"
EndProject
Project("{9A19103F-16F7-4668-BE54-9A1E7A4F7556}") = "Bs.Ac.Idp", "Bs.Ac.Idp\Bs.Ac.Idp.csproj", "{A4872D51-76BC-415B-A503-A8F9FD3C72ED}"
EndProject
Project("{9A19103F-16F7-4668-BE54-9A1E7A4F7556}") = "Bs.Ac.Api", "Bs.Ac.Api\Bs.Ac.Api.csproj", "{C88466ED-89A8-400F-8A66-5D713E1B1501}"
EndProject
Project("{FAE04EC0-301F-11D3-BF4B-00C04F79EFBC}") = "Bs.Ac.Api.v2", "Bs.Ac.Api.v2\Bs.Ac.Api.v2.csproj", "{7B7927D7-135E-45E9-8E31-A891F2F89AD3}"
EndProject
Global
	GlobalSection(SolutionConfigurationPlatforms) = preSolution
		Debug|Any CPU = Debug|Any CPU
		Release|Any CPU = Release|Any CPU
	EndGlobalSection
	GlobalSection(ProjectConfigurationPlatforms) = postSolution
		{2CA54AB2-FA0C-42A6-A695-0B7A989C50EE}.Debug|Any CPU.ActiveCfg = Debug|Any CPU
		{2CA54AB2-FA0C-42A6-A695-0B7A989C50EE}.Debug|Any CPU.Build.0 = Debug|Any CPU
		{2CA54AB2-FA0C-42A6-A695-0B7A989C50EE}.Release|Any CPU.ActiveCfg = Release|Any CPU
		{2CA54AB2-FA0C-42A6-A695-0B7A989C50EE}.Release|Any CPU.Build.0 = Release|Any CPU
		{C2B9509D-259D-444F-825A-E7CA17B6BB36}.Debug|Any CPU.ActiveCfg = Debug|Any CPU
		{C2B9509D-259D-444F-825A-E7CA17B6BB36}.Debug|Any CPU.Build.0 = Debug|Any CPU
		{C2B9509D-259D-444F-825A-E7CA17B6BB36}.Release|Any CPU.ActiveCfg = Release|Any CPU
		{C2B9509D-259D-444F-825A-E7CA17B6BB36}.Release|Any CPU.Build.0 = Release|Any CPU
		{0E004E06-01A6-4114-8126-EDBE5D0D3336}.Debug|Any CPU.ActiveCfg = Debug|Any CPU
		{0E004E06-01A6-4114-8126-EDBE5D0D3336}.Debug|Any CPU.Build.0 = Debug|Any CPU
		{0E004E06-01A6-4114-8126-EDBE5D0D3336}.Release|Any CPU.ActiveCfg = Release|Any CPU
		{0E004E06-01A6-4114-8126-EDBE5D0D3336}.Release|Any CPU.Build.0 = Release|Any CPU
		{4D7251F5-23CD-418F-8B2C-5F9FE386619F}.Debug|Any CPU.ActiveCfg = Debug|Any CPU
		{4D7251F5-23CD-418F-8B2C-5F9FE386619F}.Debug|Any CPU.Build.0 = Debug|Any CPU
		{4D7251F5-23CD-418F-8B2C-5F9FE386619F}.Release|Any CPU.ActiveCfg = Release|Any CPU
		{4D7251F5-23CD-418F-8B2C-5F9FE386619F}.Release|Any CPU.Build.0 = Release|Any CPU
		{A4872D51-76BC-415B-A503-A8F9FD3C72ED}.Debug|Any CPU.ActiveCfg = Debug|Any CPU
		{A4872D51-76BC-415B-A503-A8F9FD3C72ED}.Debug|Any CPU.Build.0 = Debug|Any CPU
		{A4872D51-76BC-415B-A503-A8F9FD3C72ED}.Release|Any CPU.ActiveCfg = Release|Any CPU
		{A4872D51-76BC-415B-A503-A8F9FD3C72ED}.Release|Any CPU.Build.0 = Release|Any CPU
		{C88466ED-89A8-400F-8A66-5D713E1B1501}.Debug|Any CPU.ActiveCfg = Debug|Any CPU
		{C88466ED-89A8-400F-8A66-5D713E1B1501}.Debug|Any CPU.Build.0 = Debug|Any CPU
		{C88466ED-89A8-400F-8A66-5D713E1B1501}.Release|Any CPU.ActiveCfg = Release|Any CPU
		{C88466ED-89A8-400F-8A66-5D713E1B1501}.Release|Any CPU.Build.0 = Release|Any CPU
		{7B7927D7-135E-45E9-8E31-A891F2F89AD3}.Debug|Any CPU.ActiveCfg = Debug|Any CPU
		{7B7927D7-135E-45E9-8E31-A891F2F89AD3}.Debug|Any CPU.Build.0 = Debug|Any CPU
		{7B7927D7-135E-45E9-8E31-A891F2F89AD3}.Release|Any CPU.ActiveCfg = Release|Any CPU
		{7B7927D7-135E-45E9-8E31-A891F2F89AD3}.Release|Any CPU.Build.0 = Release|Any CPU
	EndGlobalSection
	GlobalSection(SolutionProperties) = preSolution
		HideSolutionNode = FALSE
	EndGlobalSection
	GlobalSection(NestedProjects) = preSolution
		{FD7023D6-D2A5-4F2D-83E3-CB01BA2286D9} = {42D6B2A7-3261-4187-B8D2-FAD799B1EBB8}
		{2CA54AB2-FA0C-42A6-A695-0B7A989C50EE} = {FD7023D6-D2A5-4F2D-83E3-CB01BA2286D9}
		{C2B9509D-259D-444F-825A-E7CA17B6BB36} = {FD7023D6-D2A5-4F2D-83E3-CB01BA2286D9}
		{0E004E06-01A6-4114-8126-EDBE5D0D3336} = {FD7023D6-D2A5-4F2D-83E3-CB01BA2286D9}
		{04EAB8CB-48AA-4DF6-AAD2-09C3B5BB3604} = {42D6B2A7-3261-4187-B8D2-FAD799B1EBB8}
		{4D7251F5-23CD-418F-8B2C-5F9FE386619F} = {04EAB8CB-48AA-4DF6-AAD2-09C3B5BB3604}
		{A4872D51-76BC-415B-A503-A8F9FD3C72ED} = {04EAB8CB-48AA-4DF6-AAD2-09C3B5BB3604}
		{C88466ED-89A8-400F-8A66-5D713E1B1501} = {04EAB8CB-48AA-4DF6-AAD2-09C3B5BB3604}
		{7B7927D7-135E-45E9-8E31-A891F2F89AD3} = {04EAB8CB-48AA-4DF6-AAD2-09C3B5BB3604}
	EndGlobalSection
	GlobalSection(ExtensibilityGlobals) = postSolution
		SolutionGuid = {4D2034C8-9AB0-482C-B8EA-6E8F7F9F995F}
	EndGlobalSection
EndGlobal
